// !$*UTF8*$!
{
	archiveVersion = 1;
	classes = {
	};
	objectVersion = 46;
	objects = {

/* Begin PBXBuildFile section */
		961F64421DB67A6F00F7E05A /* open_system_preferences.scpt in Resources */ = {isa = PBXBuildFile; fileRef = 961F64411DB67A6F00F7E05A /* open_system_preferences.scpt */; };
		9624F5441DA43C9B005B57F4 /* AppDelegate.swift in Sources */ = {isa = PBXBuildFile; fileRef = 9624F5431DA43C9B005B57F4 /* AppDelegate.swift */; };
		9624F5461DA43C9B005B57F4 /* Assets.xcassets in Resources */ = {isa = PBXBuildFile; fileRef = 9624F5451DA43C9B005B57F4 /* Assets.xcassets */; };
		9624F5491DA43C9B005B57F4 /* MainMenu.xib in Resources */ = {isa = PBXBuildFile; fileRef = 9624F5471DA43C9B005B57F4 /* MainMenu.xib */; };
		9624F5541DA43C9B005B57F4 /* ImportTests.swift in Sources */ = {isa = PBXBuildFile; fileRef = 9624F5531DA43C9B005B57F4 /* ImportTests.swift */; };
		9624F5651DA43CBD005B57F4 /* Cocoa.framework in Frameworks */ = {isa = PBXBuildFile; fileRef = 9624F5641DA43CBD005B57F4 /* Cocoa.framework */; };
		9624F56A1DA43CBD005B57F4 /* SourceEditorExtension.swift in Sources */ = {isa = PBXBuildFile; fileRef = 9624F5691DA43CBD005B57F4 /* SourceEditorExtension.swift */; };
		9624F56C1DA43CBD005B57F4 /* SourceEditorCommand.swift in Sources */ = {isa = PBXBuildFile; fileRef = 9624F56B1DA43CBD005B57F4 /* SourceEditorCommand.swift */; };
		9624F5701DA43CBD005B57F4 /* ImportExtension.appex in Embed App Extensions */ = {isa = PBXBuildFile; fileRef = 9624F5621DA43CBD005B57F4 /* ImportExtension.appex */; settings = {ATTRIBUTES = (RemoveHeadersOnCopy, ); }; };
		96514D1B1DA532CC0061F17B /* usage.mov in Resources */ = {isa = PBXBuildFile; fileRef = 96514D1A1DA532CC0061F17B /* usage.mov */; };
		965BF2721DA4F3DF00A43900 /* Default.idekeybindings in Resources */ = {isa = PBXBuildFile; fileRef = 965BF2711DA4F3DF00A43900 /* Default.idekeybindings */; };
		96BFA7D71DA4B9CE005B37E2 /* AddImportOperation.swift in Sources */ = {isa = PBXBuildFile; fileRef = 96BFA7D61DA4B9CE005B37E2 /* AddImportOperation.swift */; };
		96E7A0F61DA4E82C0069F088 /* RootWindowController.swift in Sources */ = {isa = PBXBuildFile; fileRef = 96E7A0F41DA4E82C0069F088 /* RootWindowController.swift */; };
		96E7A0F71DA4E82C0069F088 /* RootWindowController.xib in Resources */ = {isa = PBXBuildFile; fileRef = 96E7A0F51DA4E82C0069F088 /* RootWindowController.xib */; };
		96E7A0F91DA4EC3E0069F088 /* KeyBindingsInserter.swift in Sources */ = {isa = PBXBuildFile; fileRef = 96E7A0F81DA4EC3E0069F088 /* KeyBindingsInserter.swift */; };
/* End PBXBuildFile section */

/* Begin PBXContainerItemProxy section */
		9624F5501DA43C9B005B57F4 /* PBXContainerItemProxy */ = {
			isa = PBXContainerItemProxy;
			containerPortal = 9624F5381DA43C9B005B57F4 /* Project object */;
			proxyType = 1;
			remoteGlobalIDString = 9624F53F1DA43C9B005B57F4;
			remoteInfo = Import;
		};
		9624F56E1DA43CBD005B57F4 /* PBXContainerItemProxy */ = {
			isa = PBXContainerItemProxy;
			containerPortal = 9624F5381DA43C9B005B57F4 /* Project object */;
			proxyType = 1;
			remoteGlobalIDString = 9624F5611DA43CBD005B57F4;
			remoteInfo = ImportExtension;
		};
/* End PBXContainerItemProxy section */

/* Begin PBXCopyFilesBuildPhase section */
		9624F5741DA43CBD005B57F4 /* Embed App Extensions */ = {
			isa = PBXCopyFilesBuildPhase;
			buildActionMask = 2147483647;
			dstPath = "";
			dstSubfolderSpec = 13;
			files = (
				9624F5701DA43CBD005B57F4 /* ImportExtension.appex in Embed App Extensions */,
			);
			name = "Embed App Extensions";
			runOnlyForDeploymentPostprocessing = 0;
		};
/* End PBXCopyFilesBuildPhase section */

/* Begin PBXFileReference section */
		961F64411DB67A6F00F7E05A /* open_system_preferences.scpt */ = {isa = PBXFileReference; lastKnownFileType = file; path = open_system_preferences.scpt; sourceTree = "<group>"; };
		9624F5401DA43C9B005B57F4 /* Import.app */ = {isa = PBXFileReference; explicitFileType = wrapper.application; includeInIndex = 0; path = Import.app; sourceTree = BUILT_PRODUCTS_DIR; };
		9624F5431DA43C9B005B57F4 /* AppDelegate.swift */ = {isa = PBXFileReference; lastKnownFileType = sourcecode.swift; path = AppDelegate.swift; sourceTree = "<group>"; };
		9624F5451DA43C9B005B57F4 /* Assets.xcassets */ = {isa = PBXFileReference; lastKnownFileType = folder.assetcatalog; path = Assets.xcassets; sourceTree = "<group>"; };
		9624F5481DA43C9B005B57F4 /* Base */ = {isa = PBXFileReference; lastKnownFileType = file.xib; name = Base; path = Base.lproj/MainMenu.xib; sourceTree = "<group>"; };
		9624F54A1DA43C9B005B57F4 /* Info.plist */ = {isa = PBXFileReference; lastKnownFileType = text.plist.xml; path = Info.plist; sourceTree = "<group>"; };
		9624F54F1DA43C9B005B57F4 /* ImportTests.xctest */ = {isa = PBXFileReference; explicitFileType = wrapper.cfbundle; includeInIndex = 0; path = ImportTests.xctest; sourceTree = BUILT_PRODUCTS_DIR; };
		9624F5531DA43C9B005B57F4 /* ImportTests.swift */ = {isa = PBXFileReference; lastKnownFileType = sourcecode.swift; path = ImportTests.swift; sourceTree = "<group>"; };
		9624F5551DA43C9B005B57F4 /* Info.plist */ = {isa = PBXFileReference; lastKnownFileType = text.plist.xml; path = Info.plist; sourceTree = "<group>"; };
		9624F5621DA43CBD005B57F4 /* ImportExtension.appex */ = {isa = PBXFileReference; explicitFileType = "wrapper.app-extension"; includeInIndex = 0; path = ImportExtension.appex; sourceTree = BUILT_PRODUCTS_DIR; };
		9624F5641DA43CBD005B57F4 /* Cocoa.framework */ = {isa = PBXFileReference; lastKnownFileType = wrapper.framework; name = Cocoa.framework; path = System/Library/Frameworks/Cocoa.framework; sourceTree = SDKROOT; };
		9624F5681DA43CBD005B57F4 /* ImportExtension.entitlements */ = {isa = PBXFileReference; lastKnownFileType = text.plist.entitlements; path = ImportExtension.entitlements; sourceTree = "<group>"; };
		9624F5691DA43CBD005B57F4 /* SourceEditorExtension.swift */ = {isa = PBXFileReference; lastKnownFileType = sourcecode.swift; path = SourceEditorExtension.swift; sourceTree = "<group>"; };
		9624F56B1DA43CBD005B57F4 /* SourceEditorCommand.swift */ = {isa = PBXFileReference; lastKnownFileType = sourcecode.swift; path = SourceEditorCommand.swift; sourceTree = "<group>"; };
		9624F56D1DA43CBD005B57F4 /* Info.plist */ = {isa = PBXFileReference; lastKnownFileType = text.plist.xml; path = Info.plist; sourceTree = "<group>"; };
		96514D1A1DA532CC0061F17B /* usage.mov */ = {isa = PBXFileReference; lastKnownFileType = video.quicktime; path = usage.mov; sourceTree = "<group>"; };
		965BF2711DA4F3DF00A43900 /* Default.idekeybindings */ = {isa = PBXFileReference; fileEncoding = 4; lastKnownFileType = text.xml; path = Default.idekeybindings; sourceTree = "<group>"; };
		96BFA7D61DA4B9CE005B37E2 /* AddImportOperation.swift */ = {isa = PBXFileReference; fileEncoding = 4; lastKnownFileType = sourcecode.swift; path = AddImportOperation.swift; sourceTree = "<group>"; };
		96E7A0F41DA4E82C0069F088 /* RootWindowController.swift */ = {isa = PBXFileReference; fileEncoding = 4; lastKnownFileType = sourcecode.swift; name = RootWindowController.swift; path = Windows/RootWindowController.swift; sourceTree = "<group>"; };
		96E7A0F51DA4E82C0069F088 /* RootWindowController.xib */ = {isa = PBXFileReference; fileEncoding = 4; lastKnownFileType = file.xib; name = RootWindowController.xib; path = Windows/RootWindowController.xib; sourceTree = "<group>"; };
		96E7A0F81DA4EC3E0069F088 /* KeyBindingsInserter.swift */ = {isa = PBXFileReference; fileEncoding = 4; lastKnownFileType = sourcecode.swift; name = KeyBindingsInserter.swift; path = Controller/KeyBindingsInserter.swift; sourceTree = "<group>"; };
/* End PBXFileReference section */

/* Begin PBXFrameworksBuildPhase section */
		9624F53D1DA43C9B005B57F4 /* Frameworks */ = {
			isa = PBXFrameworksBuildPhase;
			buildActionMask = 2147483647;
			files = (
			);
			runOnlyForDeploymentPostprocessing = 0;
		};
		9624F54C1DA43C9B005B57F4 /* Frameworks */ = {
			isa = PBXFrameworksBuildPhase;
			buildActionMask = 2147483647;
			files = (
			);
			runOnlyForDeploymentPostprocessing = 0;
		};
		9624F55F1DA43CBD005B57F4 /* Frameworks */ = {
			isa = PBXFrameworksBuildPhase;
			buildActionMask = 2147483647;
			files = (
				9624F5651DA43CBD005B57F4 /* Cocoa.framework in Frameworks */,
			);
			runOnlyForDeploymentPostprocessing = 0;
		};
/* End PBXFrameworksBuildPhase section */

/* Begin PBXGroup section */
		9624F5371DA43C9B005B57F4 = {
			isa = PBXGroup;
			children = (
				9624F5421DA43C9B005B57F4 /* Import */,
				9624F5521DA43C9B005B57F4 /* ImportTests */,
				9624F5661DA43CBD005B57F4 /* ImportExtension */,
				9624F5631DA43CBD005B57F4 /* Frameworks */,
				9624F5411DA43C9B005B57F4 /* Products */,
			);
			sourceTree = "<group>";
		};
		9624F5411DA43C9B005B57F4 /* Products */ = {
			isa = PBXGroup;
			children = (
				9624F5401DA43C9B005B57F4 /* Import.app */,
				9624F54F1DA43C9B005B57F4 /* ImportTests.xctest */,
				9624F5621DA43CBD005B57F4 /* ImportExtension.appex */,
			);
			name = Products;
			sourceTree = "<group>";
		};
		9624F5421DA43C9B005B57F4 /* Import */ = {
			isa = PBXGroup;
			children = (
				965BF2701DA4F3DF00A43900 /* Resources */,
				96E7A0FA1DA4EC420069F088 /* Controller */,
				96E7A0F11DA4E7350069F088 /* Windows */,
				9624F5431DA43C9B005B57F4 /* AppDelegate.swift */,
				9624F5451DA43C9B005B57F4 /* Assets.xcassets */,
				9624F5471DA43C9B005B57F4 /* MainMenu.xib */,
				9624F54A1DA43C9B005B57F4 /* Info.plist */,
			);
			path = Import;
			sourceTree = "<group>";
		};
		9624F5521DA43C9B005B57F4 /* ImportTests */ = {
			isa = PBXGroup;
			children = (
				9624F5531DA43C9B005B57F4 /* ImportTests.swift */,
				9624F5551DA43C9B005B57F4 /* Info.plist */,
			);
			path = ImportTests;
			sourceTree = "<group>";
		};
		9624F5631DA43CBD005B57F4 /* Frameworks */ = {
			isa = PBXGroup;
			children = (
				9624F5641DA43CBD005B57F4 /* Cocoa.framework */,
			);
			name = Frameworks;
			sourceTree = "<group>";
		};
		9624F5661DA43CBD005B57F4 /* ImportExtension */ = {
			isa = PBXGroup;
			children = (
				9624F5691DA43CBD005B57F4 /* SourceEditorExtension.swift */,
				9624F56B1DA43CBD005B57F4 /* SourceEditorCommand.swift */,
				96BFA7D61DA4B9CE005B37E2 /* AddImportOperation.swift */,
				9624F56D1DA43CBD005B57F4 /* Info.plist */,
				9624F5671DA43CBD005B57F4 /* Supporting Files */,
			);
			path = ImportExtension;
			sourceTree = "<group>";
		};
		9624F5671DA43CBD005B57F4 /* Supporting Files */ = {
			isa = PBXGroup;
			children = (
				9624F5681DA43CBD005B57F4 /* ImportExtension.entitlements */,
			);
			name = "Supporting Files";
			sourceTree = "<group>";
		};
		965BF2701DA4F3DF00A43900 /* Resources */ = {
			isa = PBXGroup;
			children = (
				961F64411DB67A6F00F7E05A /* open_system_preferences.scpt */,
				96514D1A1DA532CC0061F17B /* usage.mov */,
				965BF2711DA4F3DF00A43900 /* Default.idekeybindings */,
			);
			path = Resources;
			sourceTree = SOURCE_ROOT;
		};
		96E7A0F11DA4E7350069F088 /* Windows */ = {
			isa = PBXGroup;
			children = (
				96E7A0F41DA4E82C0069F088 /* RootWindowController.swift */,
				96E7A0F51DA4E82C0069F088 /* RootWindowController.xib */,
			);
			name = Windows;
			sourceTree = "<group>";
		};
		96E7A0FA1DA4EC420069F088 /* Controller */ = {
			isa = PBXGroup;
			children = (
				96E7A0F81DA4EC3E0069F088 /* KeyBindingsInserter.swift */,
			);
			name = Controller;
			sourceTree = "<group>";
		};
/* End PBXGroup section */

/* Begin PBXNativeTarget section */
		9624F53F1DA43C9B005B57F4 /* Import */ = {
			isa = PBXNativeTarget;
			buildConfigurationList = 9624F5581DA43C9B005B57F4 /* Build configuration list for PBXNativeTarget "Import" */;
			buildPhases = (
				9624F53C1DA43C9B005B57F4 /* Sources */,
				9624F53D1DA43C9B005B57F4 /* Frameworks */,
				9624F53E1DA43C9B005B57F4 /* Resources */,
				9624F5741DA43CBD005B57F4 /* Embed App Extensions */,
			);
			buildRules = (
			);
			dependencies = (
				9624F56F1DA43CBD005B57F4 /* PBXTargetDependency */,
			);
			name = Import;
			productName = Import;
			productReference = 9624F5401DA43C9B005B57F4 /* Import.app */;
			productType = "com.apple.product-type.application";
		};
		9624F54E1DA43C9B005B57F4 /* ImportTests */ = {
			isa = PBXNativeTarget;
			buildConfigurationList = 9624F55B1DA43C9B005B57F4 /* Build configuration list for PBXNativeTarget "ImportTests" */;
			buildPhases = (
				9624F54B1DA43C9B005B57F4 /* Sources */,
				9624F54C1DA43C9B005B57F4 /* Frameworks */,
				9624F54D1DA43C9B005B57F4 /* Resources */,
			);
			buildRules = (
			);
			dependencies = (
				9624F5511DA43C9B005B57F4 /* PBXTargetDependency */,
			);
			name = ImportTests;
			productName = ImportTests;
			productReference = 9624F54F1DA43C9B005B57F4 /* ImportTests.xctest */;
			productType = "com.apple.product-type.bundle.unit-test";
		};
		9624F5611DA43CBD005B57F4 /* ImportExtension */ = {
			isa = PBXNativeTarget;
			buildConfigurationList = 9624F5711DA43CBD005B57F4 /* Build configuration list for PBXNativeTarget "ImportExtension" */;
			buildPhases = (
				9624F55E1DA43CBD005B57F4 /* Sources */,
				9624F55F1DA43CBD005B57F4 /* Frameworks */,
				9624F5601DA43CBD005B57F4 /* Resources */,
			);
			buildRules = (
			);
			dependencies = (
			);
			name = ImportExtension;
			productName = ImportExtension;
			productReference = 9624F5621DA43CBD005B57F4 /* ImportExtension.appex */;
			productType = "com.apple.product-type.xcode-extension";
		};
/* End PBXNativeTarget section */

/* Begin PBXProject section */
		9624F5381DA43C9B005B57F4 /* Project object */ = {
			isa = PBXProject;
			attributes = {
				LastSwiftUpdateCheck = 0800;
				LastUpgradeCheck = 0800;
				ORGANIZATIONNAME = "Marko Hlebar";
				TargetAttributes = {
					9624F53F1DA43C9B005B57F4 = {
						CreatedOnToolsVersion = 8.0;
						DevelopmentTeam = 7LN5U2P4GE;
						ProvisioningStyle = Automatic;
					};
					9624F54E1DA43C9B005B57F4 = {
						CreatedOnToolsVersion = 8.0;
						DevelopmentTeam = 7LN5U2P4GE;
						ProvisioningStyle = Automatic;
						TestTargetID = 9624F53F1DA43C9B005B57F4;
					};
					9624F5611DA43CBD005B57F4 = {
						CreatedOnToolsVersion = 8.0;
						DevelopmentTeam = 7LN5U2P4GE;
						ProvisioningStyle = Automatic;
					};
				};
			};
			buildConfigurationList = 9624F53B1DA43C9B005B57F4 /* Build configuration list for PBXProject "Import" */;
			compatibilityVersion = "Xcode 3.2";
			developmentRegion = English;
			hasScannedForEncodings = 0;
			knownRegions = (
				en,
				Base,
			);
			mainGroup = 9624F5371DA43C9B005B57F4;
			productRefGroup = 9624F5411DA43C9B005B57F4 /* Products */;
			projectDirPath = "";
			projectRoot = "";
			targets = (
				9624F53F1DA43C9B005B57F4 /* Import */,
				9624F5611DA43CBD005B57F4 /* ImportExtension */,
				9624F54E1DA43C9B005B57F4 /* ImportTests */,
			);
		};
/* End PBXProject section */

/* Begin PBXResourcesBuildPhase section */
		9624F53E1DA43C9B005B57F4 /* Resources */ = {
			isa = PBXResourcesBuildPhase;
			buildActionMask = 2147483647;
			files = (
				96514D1B1DA532CC0061F17B /* usage.mov in Resources */,
				961F64421DB67A6F00F7E05A /* open_system_preferences.scpt in Resources */,
				96E7A0F71DA4E82C0069F088 /* RootWindowController.xib in Resources */,
				9624F5461DA43C9B005B57F4 /* Assets.xcassets in Resources */,
				965BF2721DA4F3DF00A43900 /* Default.idekeybindings in Resources */,
				9624F5491DA43C9B005B57F4 /* MainMenu.xib in Resources */,
			);
			runOnlyForDeploymentPostprocessing = 0;
		};
		9624F54D1DA43C9B005B57F4 /* Resources */ = {
			isa = PBXResourcesBuildPhase;
			buildActionMask = 2147483647;
			files = (
			);
			runOnlyForDeploymentPostprocessing = 0;
		};
		9624F5601DA43CBD005B57F4 /* Resources */ = {
			isa = PBXResourcesBuildPhase;
			buildActionMask = 2147483647;
			files = (
			);
			runOnlyForDeploymentPostprocessing = 0;
		};
/* End PBXResourcesBuildPhase section */

/* Begin PBXSourcesBuildPhase section */
		9624F53C1DA43C9B005B57F4 /* Sources */ = {
			isa = PBXSourcesBuildPhase;
			buildActionMask = 2147483647;
			files = (
				9624F5441DA43C9B005B57F4 /* AppDelegate.swift in Sources */,
				96E7A0F91DA4EC3E0069F088 /* KeyBindingsInserter.swift in Sources */,
				96E7A0F61DA4E82C0069F088 /* RootWindowController.swift in Sources */,
			);
			runOnlyForDeploymentPostprocessing = 0;
		};
		9624F54B1DA43C9B005B57F4 /* Sources */ = {
			isa = PBXSourcesBuildPhase;
			buildActionMask = 2147483647;
			files = (
				9624F5541DA43C9B005B57F4 /* ImportTests.swift in Sources */,
			);
			runOnlyForDeploymentPostprocessing = 0;
		};
		9624F55E1DA43CBD005B57F4 /* Sources */ = {
			isa = PBXSourcesBuildPhase;
			buildActionMask = 2147483647;
			files = (
				96BFA7D71DA4B9CE005B37E2 /* AddImportOperation.swift in Sources */,
				9624F56A1DA43CBD005B57F4 /* SourceEditorExtension.swift in Sources */,
				9624F56C1DA43CBD005B57F4 /* SourceEditorCommand.swift in Sources */,
			);
			runOnlyForDeploymentPostprocessing = 0;
		};
/* End PBXSourcesBuildPhase section */

/* Begin PBXTargetDependency section */
		9624F5511DA43C9B005B57F4 /* PBXTargetDependency */ = {
			isa = PBXTargetDependency;
			target = 9624F53F1DA43C9B005B57F4 /* Import */;
			targetProxy = 9624F5501DA43C9B005B57F4 /* PBXContainerItemProxy */;
		};
		9624F56F1DA43CBD005B57F4 /* PBXTargetDependency */ = {
			isa = PBXTargetDependency;
			target = 9624F5611DA43CBD005B57F4 /* ImportExtension */;
			targetProxy = 9624F56E1DA43CBD005B57F4 /* PBXContainerItemProxy */;
		};
/* End PBXTargetDependency section */

/* Begin PBXVariantGroup section */
		9624F5471DA43C9B005B57F4 /* MainMenu.xib */ = {
			isa = PBXVariantGroup;
			children = (
				9624F5481DA43C9B005B57F4 /* Base */,
			);
			name = MainMenu.xib;
			sourceTree = "<group>";
		};
/* End PBXVariantGroup section */

/* Begin XCBuildConfiguration section */
		9624F5561DA43C9B005B57F4 /* Debug */ = {
			isa = XCBuildConfiguration;
			buildSettings = {
				ALWAYS_SEARCH_USER_PATHS = NO;
				CLANG_ANALYZER_NONNULL = YES;
				CLANG_CXX_LANGUAGE_STANDARD = "gnu++0x";
				CLANG_CXX_LIBRARY = "libc++";
				CLANG_ENABLE_MODULES = YES;
				CLANG_ENABLE_OBJC_ARC = YES;
				CLANG_WARN_BOOL_CONVERSION = YES;
				CLANG_WARN_CONSTANT_CONVERSION = YES;
				CLANG_WARN_DIRECT_OBJC_ISA_USAGE = YES_ERROR;
				CLANG_WARN_DOCUMENTATION_COMMENTS = YES;
				CLANG_WARN_EMPTY_BODY = YES;
				CLANG_WARN_ENUM_CONVERSION = YES;
				CLANG_WARN_INFINITE_RECURSION = YES;
				CLANG_WARN_INT_CONVERSION = YES;
				CLANG_WARN_OBJC_ROOT_CLASS = YES_ERROR;
				CLANG_WARN_SUSPICIOUS_MOVES = YES;
				CLANG_WARN_UNREACHABLE_CODE = YES;
				CLANG_WARN__DUPLICATE_METHOD_MATCH = YES;
				CODE_SIGN_IDENTITY = "-";
				COPY_PHASE_STRIP = NO;
				DEBUG_INFORMATION_FORMAT = dwarf;
				ENABLE_STRICT_OBJC_MSGSEND = YES;
				ENABLE_TESTABILITY = YES;
				GCC_C_LANGUAGE_STANDARD = gnu99;
				GCC_DYNAMIC_NO_PIC = NO;
				GCC_NO_COMMON_BLOCKS = YES;
				GCC_OPTIMIZATION_LEVEL = 0;
				GCC_PREPROCESSOR_DEFINITIONS = (
					"DEBUG=1",
					"$(inherited)",
				);
				GCC_WARN_64_TO_32_BIT_CONVERSION = YES;
				GCC_WARN_ABOUT_RETURN_TYPE = YES_ERROR;
				GCC_WARN_UNDECLARED_SELECTOR = YES;
				GCC_WARN_UNINITIALIZED_AUTOS = YES_AGGRESSIVE;
				GCC_WARN_UNUSED_FUNCTION = YES;
				GCC_WARN_UNUSED_VARIABLE = YES;
				MACOSX_DEPLOYMENT_TARGET = 10.12;
				MTL_ENABLE_DEBUG_INFO = YES;
				ONLY_ACTIVE_ARCH = YES;
				SDKROOT = macosx;
				SWIFT_ACTIVE_COMPILATION_CONDITIONS = DEBUG;
				SWIFT_OPTIMIZATION_LEVEL = "-Onone";
			};
			name = Debug;
		};
		9624F5571DA43C9B005B57F4 /* Release */ = {
			isa = XCBuildConfiguration;
			buildSettings = {
				ALWAYS_SEARCH_USER_PATHS = NO;
				CLANG_ANALYZER_NONNULL = YES;
				CLANG_CXX_LANGUAGE_STANDARD = "gnu++0x";
				CLANG_CXX_LIBRARY = "libc++";
				CLANG_ENABLE_MODULES = YES;
				CLANG_ENABLE_OBJC_ARC = YES;
				CLANG_WARN_BOOL_CONVERSION = YES;
				CLANG_WARN_CONSTANT_CONVERSION = YES;
				CLANG_WARN_DIRECT_OBJC_ISA_USAGE = YES_ERROR;
				CLANG_WARN_DOCUMENTATION_COMMENTS = YES;
				CLANG_WARN_EMPTY_BODY = YES;
				CLANG_WARN_ENUM_CONVERSION = YES;
				CLANG_WARN_INFINITE_RECURSION = YES;
				CLANG_WARN_INT_CONVERSION = YES;
				CLANG_WARN_OBJC_ROOT_CLASS = YES_ERROR;
				CLANG_WARN_SUSPICIOUS_MOVES = YES;
				CLANG_WARN_UNREACHABLE_CODE = YES;
				CLANG_WARN__DUPLICATE_METHOD_MATCH = YES;
				CODE_SIGN_IDENTITY = "-";
				COPY_PHASE_STRIP = NO;
				DEBUG_INFORMATION_FORMAT = "dwarf-with-dsym";
				ENABLE_NS_ASSERTIONS = NO;
				ENABLE_STRICT_OBJC_MSGSEND = YES;
				GCC_C_LANGUAGE_STANDARD = gnu99;
				GCC_NO_COMMON_BLOCKS = YES;
				GCC_WARN_64_TO_32_BIT_CONVERSION = YES;
				GCC_WARN_ABOUT_RETURN_TYPE = YES_ERROR;
				GCC_WARN_UNDECLARED_SELECTOR = YES;
				GCC_WARN_UNINITIALIZED_AUTOS = YES_AGGRESSIVE;
				GCC_WARN_UNUSED_FUNCTION = YES;
				GCC_WARN_UNUSED_VARIABLE = YES;
				MACOSX_DEPLOYMENT_TARGET = 10.12;
				MTL_ENABLE_DEBUG_INFO = NO;
				SDKROOT = macosx;
				SWIFT_OPTIMIZATION_LEVEL = "-Owholemodule";
			};
			name = Release;
		};
		9624F5591DA43C9B005B57F4 /* Debug */ = {
			isa = XCBuildConfiguration;
			buildSettings = {
				ALWAYS_EMBED_SWIFT_STANDARD_LIBRARIES = YES;
				ASSETCATALOG_COMPILER_APPICON_NAME = AppIcon;
				CODE_SIGN_IDENTITY = "Mac Developer";
				COMBINE_HIDPI_IMAGES = YES;
				DEVELOPMENT_TEAM = 7LN5U2P4GE;
				INFOPLIST_FILE = Import/Info.plist;
				LD_RUNPATH_SEARCH_PATHS = "$(inherited) @executable_path/../Frameworks";
				MACOSX_DEPLOYMENT_TARGET = 10.11;
				PRODUCT_BUNDLE_IDENTIFIER = com.squid.Import;
				PRODUCT_NAME = "$(TARGET_NAME)";
				SWIFT_VERSION = 3.0;
			};
			name = Debug;
		};
		9624F55A1DA43C9B005B57F4 /* Release */ = {
			isa = XCBuildConfiguration;
			buildSettings = {
				ALWAYS_EMBED_SWIFT_STANDARD_LIBRARIES = YES;
				ASSETCATALOG_COMPILER_APPICON_NAME = AppIcon;
				CODE_SIGN_IDENTITY = "Mac Developer";
				COMBINE_HIDPI_IMAGES = YES;
				DEVELOPMENT_TEAM = 7LN5U2P4GE;
				INFOPLIST_FILE = Import/Info.plist;
				LD_RUNPATH_SEARCH_PATHS = "$(inherited) @executable_path/../Frameworks";
				MACOSX_DEPLOYMENT_TARGET = 10.11;
				PRODUCT_BUNDLE_IDENTIFIER = com.squid.Import;
				PRODUCT_NAME = "$(TARGET_NAME)";
				SWIFT_VERSION = 3.0;
			};
			name = Release;
		};
		9624F55C1DA43C9B005B57F4 /* Debug */ = {
			isa = XCBuildConfiguration;
			buildSettings = {
				ALWAYS_EMBED_SWIFT_STANDARD_LIBRARIES = YES;
				BUNDLE_LOADER = "$(TEST_HOST)";
				COMBINE_HIDPI_IMAGES = YES;
				DEVELOPMENT_TEAM = 7LN5U2P4GE;
				INFOPLIST_FILE = ImportTests/Info.plist;
				LD_RUNPATH_SEARCH_PATHS = "$(inherited) @executable_path/../Frameworks @loader_path/../Frameworks";
				PRODUCT_BUNDLE_IDENTIFIER = com.squid.ImportTests;
				PRODUCT_NAME = "$(TARGET_NAME)";
				SWIFT_VERSION = 3.0;
				TEST_HOST = "$(BUILT_PRODUCTS_DIR)/Import.app/Contents/MacOS/Import";
			};
			name = Debug;
		};
		9624F55D1DA43C9B005B57F4 /* Release */ = {
			isa = XCBuildConfiguration;
			buildSettings = {
				ALWAYS_EMBED_SWIFT_STANDARD_LIBRARIES = YES;
				BUNDLE_LOADER = "$(TEST_HOST)";
				COMBINE_HIDPI_IMAGES = YES;
				DEVELOPMENT_TEAM = 7LN5U2P4GE;
				INFOPLIST_FILE = ImportTests/Info.plist;
				LD_RUNPATH_SEARCH_PATHS = "$(inherited) @executable_path/../Frameworks @loader_path/../Frameworks";
				PRODUCT_BUNDLE_IDENTIFIER = com.squid.ImportTests;
				PRODUCT_NAME = "$(TARGET_NAME)";
				SWIFT_VERSION = 3.0;
				TEST_HOST = "$(BUILT_PRODUCTS_DIR)/Import.app/Contents/MacOS/Import";
			};
			name = Release;
		};
		9624F5721DA43CBD005B57F4 /* Debug */ = {
			isa = XCBuildConfiguration;
			buildSettings = {
				CODE_SIGN_ENTITLEMENTS = ImportExtension/ImportExtension.entitlements;
				CODE_SIGN_IDENTITY = "Mac Developer";
				COMBINE_HIDPI_IMAGES = YES;
				DEVELOPMENT_TEAM = 7LN5U2P4GE;
				INFOPLIST_FILE = ImportExtension/Info.plist;
				LD_RUNPATH_SEARCH_PATHS = "$(inherited) @executable_path/../Frameworks @executable_path/../../../../Frameworks";
				MACOSX_DEPLOYMENT_TARGET = 10.11;
				PRODUCT_BUNDLE_IDENTIFIER = com.squid.Import.ImportExtension;
				PRODUCT_NAME = "$(TARGET_NAME)";
				SKIP_INSTALL = YES;
				SWIFT_VERSION = 3.0;
			};
			name = Debug;
		};
		9624F5731DA43CBD005B57F4 /* Release */ = {
			isa = XCBuildConfiguration;
			buildSettings = {
				CODE_SIGN_ENTITLEMENTS = ImportExtension/ImportExtension.entitlements;
				CODE_SIGN_IDENTITY = "Mac Developer";
				COMBINE_HIDPI_IMAGES = YES;
				DEVELOPMENT_TEAM = 7LN5U2P4GE;
				INFOPLIST_FILE = ImportExtension/Info.plist;
				LD_RUNPATH_SEARCH_PATHS = "$(inherited) @executable_path/../Frameworks @executable_path/../../../../Frameworks";
				MACOSX_DEPLOYMENT_TARGET = 10.11;
				PRODUCT_BUNDLE_IDENTIFIER = com.squid.Import.ImportExtension;
				PRODUCT_NAME = "$(TARGET_NAME)";
				SKIP_INSTALL = YES;
				SWIFT_VERSION = 3.0;
			};
			name = Release;
		};
/* End XCBuildConfiguration section */

/* Begin XCConfigurationList section */
		9624F53B1DA43C9B005B57F4 /* Build configuration list for PBXProject "Import" */ = {
			isa = XCConfigurationList;
			buildConfigurations = (
				9624F5561DA43C9B005B57F4 /* Debug */,
				9624F5571DA43C9B005B57F4 /* Release */,
			);
			defaultConfigurationIsVisible = 0;
			defaultConfigurationName = Release;
		};
		9624F5581DA43C9B005B57F4 /* Build configuration list for PBXNativeTarget "Import" */ = {
			isa = XCConfigurationList;
			buildConfigurations = (
				9624F5591DA43C9B005B57F4 /* Debug */,
				9624F55A1DA43C9B005B57F4 /* Release */,
			);
			defaultConfigurationIsVisible = 0;
			defaultConfigurationName = Release;
		};
		9624F55B1DA43C9B005B57F4 /* Build configuration list for PBXNativeTarget "ImportTests" */ = {
			isa = XCConfigurationList;
			buildConfigurations = (
				9624F55C1DA43C9B005B57F4 /* Debug */,
				9624F55D1DA43C9B005B57F4 /* Release */,
			);
			defaultConfigurationIsVisible = 0;
			defaultConfigurationName = Release;
		};
		9624F5711DA43CBD005B57F4 /* Build configuration list for PBXNativeTarget "ImportExtension" */ = {
			isa = XCConfigurationList;
			buildConfigurations = (
				9624F5721DA43CBD005B57F4 /* Debug */,
				9624F5731DA43CBD005B57F4 /* Release */,
			);
			defaultConfigurationIsVisible = 0;
			defaultConfigurationName = Release;
		};
/* End XCConfigurationList section */
	};
	rootObject = 9624F5381DA43C9B005B57F4 /* Project object */;
}
